
Microsoft Visual Studio Solution File, Format Version 12.00
# Visual Studio 15
VisualStudioVersion = 15.0.28307.271
MinimumVisualStudioVersion = 10.0.40219.1
Project("{FAE04EC0-301F-11D3-BF4B-00C04F79EFBC}") = "Fingerprint_Voting", "Fingerprint_Voting\Fingerprint_Voting.csproj", "{9116BBAD-9DD9-4EAD-8536-295146B43941}"
EndProject
Global
	GlobalSection(SolutionConfigurationPlatforms) = preSolution
		Debug|Any CPU = Debug|Any CPU
		Release|Any CPU = Release|Any CPU
	EndGlobalSection
	GlobalSection(ProjectConfigurationPlatforms) = postSolution
		{9116BBAD-9DD9-4EAD-8536-295146B43941}.Debug|Any CPU.ActiveCfg = Debug|Any CPU
		{9116BBAD-9DD9-4EAD-8536-295146B43941}.Debug|Any CPU.Build.0 = Debug|Any CPU
		{9116BBAD-9DD9-4EAD-8536-295146B43941}.Release|Any CPU.ActiveCfg = Release|Any CPU
		{9116BBAD-9DD9-4EAD-8536-295146B43941}.Release|Any CPU.Build.0 = Release|Any CPU
	EndGlobalSection
	GlobalSection(SolutionProperties) = preSolution
		HideSolutionNode = FALSE
	EndGlobalSection
	GlobalSection(ExtensibilityGlobals) = postSolution
		SolutionGuid = {1971DD39-D1A7-475C-B703-700888A5D716}
	EndGlobalSection
EndGlobal
